
Microsoft Visual Studio Solution File, Format Version 12.00
# Visual Studio Version 17
VisualStudioVersion = 17.14.36429.23 d17.14
MinimumVisualStudioVersion = 10.0.40219.1
Project("{FAE04EC0-301F-11D3-BF4B-00C04F79EFBC}") = "Software_Lab_3_Task_1", "Software_Lab_3_Task_1\Software_Lab_3_Task_1.csproj", "{5133024B-CB10-4F07-BEEB-9DDFCB62BF69}"
EndProject
Global
	GlobalSection(SolutionConfigurationPlatforms) = preSolution
		Debug|Any CPU = Debug|Any CPU
		Release|Any CPU = Release|Any CPU
	EndGlobalSection
	GlobalSection(ProjectConfigurationPlatforms) = postSolution
		{5133024B-CB10-4F07-BEEB-9DDFCB62BF69}.Debug|Any CPU.ActiveCfg = Debug|Any CPU
		{5133024B-CB10-4F07-BEEB-9DDFCB62BF69}.Debug|Any CPU.Build.0 = Debug|Any CPU
		{5133024B-CB10-4F07-BEEB-9DDFCB62BF69}.Release|Any CPU.ActiveCfg = Release|Any CPU
		{5133024B-CB10-4F07-BEEB-9DDFCB62BF69}.Release|Any CPU.Build.0 = Release|Any CPU
	EndGlobalSection
	GlobalSection(SolutionProperties) = preSolution
		HideSolutionNode = FALSE
	EndGlobalSection
	GlobalSection(ExtensibilityGlobals) = postSolution
		SolutionGuid = {B9309AFA-9137-4A1D-AAA5-EF957902FBA4}
	EndGlobalSection
EndGlobal
